
Microsoft Visual Studio Solution File, Format Version 12.00
# Visual Studio Version 17
VisualStudioVersion = 17.0.32112.339
MinimumVisualStudioVersion = 10.0.40219.1
Project("{FAE04EC0-301F-11D3-BF4B-00C04F79EFBC}") = "ClassesIntro", "ClassesIntro\ClassesIntro.csproj", "{BDD84EF4-D41D-45B7-883D-6970A12E77FE}"
EndProject
Global
	GlobalSection(SolutionConfigurationPlatforms) = preSolution
		Debug|Any CPU = Debug|Any CPU
		Release|Any CPU = Release|Any CPU
	EndGlobalSection
	GlobalSection(ProjectConfigurationPlatforms) = postSolution
		{BDD84EF4-D41D-45B7-883D-6970A12E77FE}.Debug|Any CPU.ActiveCfg = Debug|Any CPU
		{BDD84EF4-D41D-45B7-883D-6970A12E77FE}.Debug|Any CPU.Build.0 = Debug|Any CPU
		{BDD84EF4-D41D-45B7-883D-6970A12E77FE}.Release|Any CPU.ActiveCfg = Release|Any CPU
		{BDD84EF4-D41D-45B7-883D-6970A12E77FE}.Release|Any CPU.Build.0 = Release|Any CPU
	EndGlobalSection
	GlobalSection(SolutionProperties) = preSolution
		HideSolutionNode = FALSE
	EndGlobalSection
	GlobalSection(ExtensibilityGlobals) = postSolution
		SolutionGuid = {317F2FC6-1904-4A35-992B-52BD6AADB546}
	EndGlobalSection
EndGlobal
